
Microsoft Visual Studio Solution File, Format Version 12.00
# Visual Studio 15
VisualStudioVersion = 15.0.28307.168
MinimumVisualStudioVersion = 10.0.40219.1
Project("{F2A71F9B-5D33-465A-A702-920D77279786}") = "CSVParser", "CSVParser.fsproj", "{62F08B26-AB74-4CC3-ABCA-661D05FECBED}"
EndProject
Global
	GlobalSection(SolutionConfigurationPlatforms) = preSolution
		Debug|Any CPU = Debug|Any CPU
		Release|Any CPU = Release|Any CPU
	EndGlobalSection
	GlobalSection(ProjectConfigurationPlatforms) = postSolution
		{62F08B26-AB74-4CC3-ABCA-661D05FECBED}.Debug|Any CPU.ActiveCfg = Debug|Any CPU
		{62F08B26-AB74-4CC3-ABCA-661D05FECBED}.Debug|Any CPU.Build.0 = Debug|Any CPU
		{62F08B26-AB74-4CC3-ABCA-661D05FECBED}.Release|Any CPU.ActiveCfg = Release|Any CPU
		{62F08B26-AB74-4CC3-ABCA-661D05FECBED}.Release|Any CPU.Build.0 = Release|Any CPU
	EndGlobalSection
	GlobalSection(SolutionProperties) = preSolution
		HideSolutionNode = FALSE
	EndGlobalSection
	GlobalSection(ExtensibilityGlobals) = postSolution
		SolutionGuid = {5CEBB79B-0FFD-4DD2-9E39-CC667AA5F6A5}
	EndGlobalSection
EndGlobal
