
Microsoft Visual Studio Solution File, Format Version 12.00
# Visual Studio 15
VisualStudioVersion = 15.0.28307.136
MinimumVisualStudioVersion = 10.0.40219.1
Project("{6EC3EE1D-3C4E-46DD-8F32-0CC8E7565705}") = "JSONTokenizer", "JSONTokenizer.fsproj", "{6E656581-86DF-48F6-B869-E7C911647E11}"
EndProject
Global
	GlobalSection(SolutionConfigurationPlatforms) = preSolution
		Debug|Any CPU = Debug|Any CPU
		Release|Any CPU = Release|Any CPU
	EndGlobalSection
	GlobalSection(ProjectConfigurationPlatforms) = postSolution
		{6E656581-86DF-48F6-B869-E7C911647E11}.Debug|Any CPU.ActiveCfg = Debug|Any CPU
		{6E656581-86DF-48F6-B869-E7C911647E11}.Debug|Any CPU.Build.0 = Debug|Any CPU
		{6E656581-86DF-48F6-B869-E7C911647E11}.Release|Any CPU.ActiveCfg = Release|Any CPU
		{6E656581-86DF-48F6-B869-E7C911647E11}.Release|Any CPU.Build.0 = Release|Any CPU
	EndGlobalSection
	GlobalSection(SolutionProperties) = preSolution
		HideSolutionNode = FALSE
	EndGlobalSection
	GlobalSection(ExtensibilityGlobals) = postSolution
		SolutionGuid = {C43775FC-CF41-4988-803B-CD42F83B8390}
	EndGlobalSection
EndGlobal
